
Microsoft Visual Studio Solution File, Format Version 12.00
# Visual Studio 2012
Project("{FAE04EC0-301F-11D3-BF4B-00C04F79EFBC}") = "ToDoList", "ToDoList\ToDoList.csproj", "{BA9DA778-D788-4B6E-A96C-1B225443889C}"
EndProject
Project("{FAE04EC0-301F-11D3-BF4B-00C04F79EFBC}") = "ToDoListTests", "ToDoListTests\ToDoListTests.csproj", "{B0B2B2DC-C856-411B-BD58-ECAC3F682E1E}"
EndProject
Global
	GlobalSection(SolutionConfigurationPlatforms) = preSolution
		Debug|Any CPU = Debug|Any CPU
		Release|Any CPU = Release|Any CPU
	EndGlobalSection
	GlobalSection(ProjectConfigurationPlatforms) = postSolution
		{BA9DA778-D788-4B6E-A96C-1B225443889C}.Debug|Any CPU.ActiveCfg = Debug|Any CPU
		{BA9DA778-D788-4B6E-A96C-1B225443889C}.Debug|Any CPU.Build.0 = Debug|Any CPU
		{BA9DA778-D788-4B6E-A96C-1B225443889C}.Release|Any CPU.ActiveCfg = Release|Any CPU
		{BA9DA778-D788-4B6E-A96C-1B225443889C}.Release|Any CPU.Build.0 = Release|Any CPU
		{B0B2B2DC-C856-411B-BD58-ECAC3F682E1E}.Debug|Any CPU.ActiveCfg = Debug|Any CPU
		{B0B2B2DC-C856-411B-BD58-ECAC3F682E1E}.Debug|Any CPU.Build.0 = Debug|Any CPU
		{B0B2B2DC-C856-411B-BD58-ECAC3F682E1E}.Release|Any CPU.ActiveCfg = Release|Any CPU
		{B0B2B2DC-C856-411B-BD58-ECAC3F682E1E}.Release|Any CPU.Build.0 = Release|Any CPU
	EndGlobalSection
EndGlobal
